<?xml version="1.0" encoding="UTF-8" standalone="yes" ?>
<CodeBlocks_project_file>
	<FileVersion major="1" minor="6" />
	<Project>
		<Option title="TinyFEM" />
		<Option pch_mode="2" />
		<Option compiler="gcc" />
		<Build>
			<Target title="Debug">
				<Option output="../../TinyFEM" prefix_auto="0" extension_auto="0" />
				<Option working_dir="../.." />
				<Option object_output="obj/Debug/TinyFEM" />
				<Option type="1" />
				<Option compiler="gcc" />
				<Compiler>
					<Add option="-g" />
					<Add option="-DDEBUG" />
					<Add option="-std=c++11" />
					<Add directory="../../sources" />
					<Add directory="../../libs/tclap/include" />
					<Add directory="../../libs/zlib" />
					<Add directory="../../libs/libpng" />
					<Add directory="../../libs/boost" />
					<Add directory="../../libs/eigen" />
					<Add directory="../../libs/SBMath" />
					<Add directory="../../libs/semt" />
					<Add directory="../../libs/tinyxml" />
					<Add directory="../../libs/poly2tri/poly2tri" />
				</Compiler>
				<Linker>
					<Add directory="../../libs/libpng/lib" />
					<Add directory="../../libs/zlib/lib" />
					<Add directory="../../libs/poly2tri/lib" />
					<Add directory="../../libs/tinyxml/lib" />
					<Add library="png" />
					<Add library="zlib" />
					<Add library="poly2tri" />
					<Add library="tinyxml" />
				</Linker>
			</Target>
			<Target title="Release">
				<Option output="../../TinyFEM" prefix_auto="0" extension_auto="0" />
				<Option object_output="obj/Release/TinyFEM" />
				<Option type="1" />
				<Option compiler="gcc" />
				<Compiler>
					<Add option="-O2" />
					<Add option="-DNDEBUG" />
					<Add option="-std=c++11" />
					<Add directory="../../sources" />
					<Add directory="../../libs/tclap/include" />
					<Add directory="../../libs/zlib" />
					<Add directory="../../libs/libpng" />
					<Add directory="../../libs/boost" />
					<Add directory="../../libs/eigen" />
					<Add directory="../../libs/SBMath" />
					<Add directory="../../libs/semt" />
					<Add directory="../../libs/tinyxml" />
					<Add directory="../../libs/poly2tri/poly2tri" />
				</Compiler>
				<Linker>
					<Add option="-s" />
					<Add directory="../../libs/libpng/lib" />
					<Add directory="../../libs/zlib/lib" />
					<Add directory="../../libs/poly2tri/lib" />
					<Add directory="../../libs/tinyxml/lib" />
					<Add library="png" />
					<Add library="zlib" />
					<Add library="poly2tri" />
					<Add library="tinyxml" />
				</Linker>
			</Target>
		</Build>
		<Unit filename="../../sources/XMLDataUtils.h">
			<Option virtualFolder="sources" />
		</Unit>
		<Unit filename="../../sources/Common.h">
			<Option virtualFolder="sources" />
		</Unit>
		<Unit filename="../../sources/Material.h">
			<Option virtualFolder="sources" />
		</Unit>
		<Unit filename="../../sources/TypeDefs.h">
			<Option virtualFolder="sources" />
		</Unit>
		<Unit filename="../../sources/Nodes.h">
			<Option virtualFolder="sources" />
		</Unit>
		<Unit filename="../../sources/IElement.h">
			<Option virtualFolder="sources" />
		</Unit>
		<Unit filename="../../sources/PropertiesHolder/PropertiesHolderImpl.h">
			<Option virtualFolder="sources/PropertiesHolder" />
		</Unit>
		<Unit filename="../../sources/PropertiesHolder/PropertiesHolder.h">
			<Option virtualFolder="sources/PropertiesHolder" />
		</Unit>
		<Unit filename="../../sources/main.cpp">
			<Option virtualFolder="sources" />
		</Unit>
		<Unit filename="../../sources/XMLDataUtils.cpp">
			<Option virtualFolder="sources" />
		</Unit>
		<Unit filename="../../sources/Material.cpp">
			<Option virtualFolder="sources" />
		</Unit>
		<Extensions>
		</Extensions>
	</Project>
</CodeBlocks_project_file>

