<?xml version="1.0" encoding="utf-8"?>
<Project ToolsVersion="4.0" xmlns="http://schemas.microsoft.com/developer/msbuild/2003">
  <ItemGroup>
    <Filter Include="libs">
      <UniqueIdentifier>{B56244D4-0CC6-F9E4-5C3D-195C52F1A321}</UniqueIdentifier>
    </Filter>
    <Filter Include="libs\poly2tri">
      <UniqueIdentifier>{2C07521A-C274-3EDB-C933-26616BE9ADA7}</UniqueIdentifier>
    </Filter>
    <Filter Include="libs\poly2tri\poly2tri">
      <UniqueIdentifier>{CC75A98F-EB61-F394-2C6F-FDEBED89B103}</UniqueIdentifier>
    </Filter>
    <Filter Include="libs\poly2tri\poly2tri\sweep">
      <UniqueIdentifier>{FDD6804D-8942-12DE-FDA1-8584BF64E208}</UniqueIdentifier>
    </Filter>
    <Filter Include="libs\poly2tri\poly2tri\common">
      <UniqueIdentifier>{2E9F42D0-1E27-7A97-F22A-55ABED7CE2A6}</UniqueIdentifier>
    </Filter>
  </ItemGroup>
  <ItemGroup>
    <ClInclude Include="..\..\libs\poly2tri\poly2tri\poly2tri.h">
      <Filter>libs\poly2tri\poly2tri</Filter>
    </ClInclude>
    <ClInclude Include="..\..\libs\poly2tri\poly2tri\sweep\advancing_front.h">
      <Filter>libs\poly2tri\poly2tri\sweep</Filter>
    </ClInclude>
    <ClInclude Include="..\..\libs\poly2tri\poly2tri\sweep\cdt.h">
      <Filter>libs\poly2tri\poly2tri\sweep</Filter>
    </ClInclude>
    <ClInclude Include="..\..\libs\poly2tri\poly2tri\sweep\sweep.h">
      <Filter>libs\poly2tri\poly2tri\sweep</Filter>
    </ClInclude>
    <ClInclude Include="..\..\libs\poly2tri\poly2tri\sweep\sweep_context.h">
      <Filter>libs\poly2tri\poly2tri\sweep</Filter>
    </ClInclude>
    <ClInclude Include="..\..\libs\poly2tri\poly2tri\common\shapes.h">
      <Filter>libs\poly2tri\poly2tri\common</Filter>
    </ClInclude>
    <ClInclude Include="..\..\libs\poly2tri\poly2tri\common\utils.h">
      <Filter>libs\poly2tri\poly2tri\common</Filter>
    </ClInclude>
  </ItemGroup>
  <ItemGroup>
    <ClCompile Include="..\..\libs\poly2tri\poly2tri\sweep\advancing_front.cc">
      <Filter>libs\poly2tri\poly2tri\sweep</Filter>
    </ClCompile>
    <ClCompile Include="..\..\libs\poly2tri\poly2tri\sweep\sweep.cc">
      <Filter>libs\poly2tri\poly2tri\sweep</Filter>
    </ClCompile>
    <ClCompile Include="..\..\libs\poly2tri\poly2tri\sweep\sweep_context.cc">
      <Filter>libs\poly2tri\poly2tri\sweep</Filter>
    </ClCompile>
    <ClCompile Include="..\..\libs\poly2tri\poly2tri\sweep\cdt.cc">
      <Filter>libs\poly2tri\poly2tri\sweep</Filter>
    </ClCompile>
    <ClCompile Include="..\..\libs\poly2tri\poly2tri\common\shapes.cc">
      <Filter>libs\poly2tri\poly2tri\common</Filter>
    </ClCompile>
  </ItemGroup>
</Project>
