
Microsoft Visual Studio Solution File, Format Version 12.00
# Visual Studio 2012
Project("{8BC9CEB8-8B4A-11D0-8D11-00A0C91BC942}") = "png", "png.vcxproj", "{02AB0B7A-F12A-799F-407F-E7636DDEE37A}"
EndProject
Project("{8BC9CEB8-8B4A-11D0-8D11-00A0C91BC942}") = "zlib", "zlib.vcxproj", "{33563080-1304-9A2B-EE5A-F36CC8CD7793}"
EndProject
Project("{8BC9CEB8-8B4A-11D0-8D11-00A0C91BC942}") = "poly2tri", "poly2tri.vcxproj", "{4362137E-1D67-5F0D-CD22-F1C1EAA93A57}"
EndProject
Project("{8BC9CEB8-8B4A-11D0-8D11-00A0C91BC942}") = "tinyxml", "tinyxml.vcxproj", "{0AF36B5A-2C9B-4DF6-8562-BF004047CAC9}"
EndProject
Project("{8BC9CEB8-8B4A-11D0-8D11-00A0C91BC942}") = "TinyFEM", "TinyFEM.vcxproj", "{AE75B6BA-DCA8-F17F-8EE7-7353CE1625F6}"
	ProjectSection(ProjectDependencies) = postProject
		{02AB0B7A-F12A-799F-407F-E7636DDEE37A} = {02AB0B7A-F12A-799F-407F-E7636DDEE37A}
		{33563080-1304-9A2B-EE5A-F36CC8CD7793} = {33563080-1304-9A2B-EE5A-F36CC8CD7793}
		{4362137E-1D67-5F0D-CD22-F1C1EAA93A57} = {4362137E-1D67-5F0D-CD22-F1C1EAA93A57}
		{0AF36B5A-2C9B-4DF6-8562-BF004047CAC9} = {0AF36B5A-2C9B-4DF6-8562-BF004047CAC9}
	EndProjectSection
EndProject
Global
	GlobalSection(SolutionConfigurationPlatforms) = preSolution
		Debug|Win32 = Debug|Win32
		Release|Win32 = Release|Win32
	EndGlobalSection
	GlobalSection(ProjectConfigurationPlatforms) = postSolution
		{02AB0B7A-F12A-799F-407F-E7636DDEE37A}.Debug|Win32.ActiveCfg = Debug|Win32
		{02AB0B7A-F12A-799F-407F-E7636DDEE37A}.Debug|Win32.Build.0 = Debug|Win32
		{02AB0B7A-F12A-799F-407F-E7636DDEE37A}.Release|Win32.ActiveCfg = Release|Win32
		{02AB0B7A-F12A-799F-407F-E7636DDEE37A}.Release|Win32.Build.0 = Release|Win32
		{33563080-1304-9A2B-EE5A-F36CC8CD7793}.Debug|Win32.ActiveCfg = Debug|Win32
		{33563080-1304-9A2B-EE5A-F36CC8CD7793}.Debug|Win32.Build.0 = Debug|Win32
		{33563080-1304-9A2B-EE5A-F36CC8CD7793}.Release|Win32.ActiveCfg = Release|Win32
		{33563080-1304-9A2B-EE5A-F36CC8CD7793}.Release|Win32.Build.0 = Release|Win32
		{4362137E-1D67-5F0D-CD22-F1C1EAA93A57}.Debug|Win32.ActiveCfg = Debug|Win32
		{4362137E-1D67-5F0D-CD22-F1C1EAA93A57}.Debug|Win32.Build.0 = Debug|Win32
		{4362137E-1D67-5F0D-CD22-F1C1EAA93A57}.Release|Win32.ActiveCfg = Release|Win32
		{4362137E-1D67-5F0D-CD22-F1C1EAA93A57}.Release|Win32.Build.0 = Release|Win32
		{0AF36B5A-2C9B-4DF6-8562-BF004047CAC9}.Debug|Win32.ActiveCfg = Debug|Win32
		{0AF36B5A-2C9B-4DF6-8562-BF004047CAC9}.Debug|Win32.Build.0 = Debug|Win32
		{0AF36B5A-2C9B-4DF6-8562-BF004047CAC9}.Release|Win32.ActiveCfg = Release|Win32
		{0AF36B5A-2C9B-4DF6-8562-BF004047CAC9}.Release|Win32.Build.0 = Release|Win32
		{AE75B6BA-DCA8-F17F-8EE7-7353CE1625F6}.Debug|Win32.ActiveCfg = Debug|Win32
		{AE75B6BA-DCA8-F17F-8EE7-7353CE1625F6}.Debug|Win32.Build.0 = Debug|Win32
		{AE75B6BA-DCA8-F17F-8EE7-7353CE1625F6}.Release|Win32.ActiveCfg = Release|Win32
		{AE75B6BA-DCA8-F17F-8EE7-7353CE1625F6}.Release|Win32.Build.0 = Release|Win32
	EndGlobalSection
	GlobalSection(SolutionProperties) = preSolution
		HideSolutionNode = FALSE
	EndGlobalSection
EndGlobal
