<?xml version="1.0" encoding="utf-8"?>
<Project ToolsVersion="4.0" xmlns="http://schemas.microsoft.com/developer/msbuild/2003">
  <ItemGroup>
    <Filter Include="sources">
      <UniqueIdentifier>{3D0423D5-1F08-0B09-9194-1F8997DDEE82}</UniqueIdentifier>
    </Filter>
    <Filter Include="sources\PropertiesHolder">
      <UniqueIdentifier>{7A94464F-DA84-9806-9C1A-729AFF255DB7}</UniqueIdentifier>
    </Filter>
  </ItemGroup>
  <ItemGroup>
    <ClInclude Include="..\..\sources\XMLDataUtils.h">
      <Filter>sources</Filter>
    </ClInclude>
    <ClInclude Include="..\..\sources\Common.h">
      <Filter>sources</Filter>
    </ClInclude>
    <ClInclude Include="..\..\sources\Material.h">
      <Filter>sources</Filter>
    </ClInclude>
    <ClInclude Include="..\..\sources\TypeDefs.h">
      <Filter>sources</Filter>
    </ClInclude>
    <ClInclude Include="..\..\sources\Nodes.h">
      <Filter>sources</Filter>
    </ClInclude>
    <ClInclude Include="..\..\sources\IElement.h">
      <Filter>sources</Filter>
    </ClInclude>
    <ClInclude Include="..\..\sources\PropertiesHolder\PropertiesHolderImpl.h">
      <Filter>sources\PropertiesHolder</Filter>
    </ClInclude>
    <ClInclude Include="..\..\sources\PropertiesHolder\PropertiesHolder.h">
      <Filter>sources\PropertiesHolder</Filter>
    </ClInclude>
  </ItemGroup>
  <ItemGroup>
    <ClCompile Include="..\..\sources\main.cpp">
      <Filter>sources</Filter>
    </ClCompile>
    <ClCompile Include="..\..\sources\XMLDataUtils.cpp">
      <Filter>sources</Filter>
    </ClCompile>
    <ClCompile Include="..\..\sources\Material.cpp">
      <Filter>sources</Filter>
    </ClCompile>
  </ItemGroup>
</Project>
